// !$*UTF8*$!
{
	archiveVersion = 1;
	classes = {
	};
	objectVersion = 50;
	objects = {

/* Begin PBXBuildFile section */
		F682B10D248259DA00CE86B2 /* AppDelegate.swift in Sources */ = {isa = PBXBuildFile; fileRef = F682B10C248259DA00CE86B2 /* AppDelegate.swift */; };
		F682B10F248259DA00CE86B2 /* SceneDelegate.swift in Sources */ = {isa = PBXBuildFile; fileRef = F682B10E248259DA00CE86B2 /* SceneDelegate.swift */; };
		F682B113248259DB00CE86B2 /* Assets.xcassets in Resources */ = {isa = PBXBuildFile; fileRef = F682B112248259DB00CE86B2 /* Assets.xcassets */; };
		F682B116248259DB00CE86B2 /* Preview Assets.xcassets in Resources */ = {isa = PBXBuildFile; fileRef = F682B115248259DB00CE86B2 /* Preview Assets.xcassets */; };
		F682B119248259DB00CE86B2 /* LaunchScreen.storyboard in Resources */ = {isa = PBXBuildFile; fileRef = F682B117248259DB00CE86B2 /* LaunchScreen.storyboard */; };
		F682B12724825A5F00CE86B2 /* Notification.swift in Sources */ = {isa = PBXBuildFile; fileRef = F682B12624825A5F00CE86B2 /* Notification.swift */; };
		F682B12924825A7200CE86B2 /* NewNavigationStack.swift in Sources */ = {isa = PBXBuildFile; fileRef = F682B12824825A7200CE86B2 /* NewNavigationStack.swift */; };
		F682B12D24825A7F00CE86B2 /* MyOperation.swift in Sources */ = {isa = PBXBuildFile; fileRef = F682B12A24825A7F00CE86B2 /* MyOperation.swift */; };
		F682B12E24825A7F00CE86B2 /* OperationManager.swift in Sources */ = {isa = PBXBuildFile; fileRef = F682B12B24825A7F00CE86B2 /* OperationManager.swift */; };
		F682B12F24825A7F00CE86B2 /* OperationSettings.swift in Sources */ = {isa = PBXBuildFile; fileRef = F682B12C24825A7F00CE86B2 /* OperationSettings.swift */; };
		F682B13324825A9400CE86B2 /* SecondOperation.swift in Sources */ = {isa = PBXBuildFile; fileRef = F682B13124825A9300CE86B2 /* SecondOperation.swift */; };
		F682B13424825A9400CE86B2 /* FirstOperation.swift in Sources */ = {isa = PBXBuildFile; fileRef = F682B13224825A9400CE86B2 /* FirstOperation.swift */; };
		F682B13624825A9D00CE86B2 /* Util.swift in Sources */ = {isa = PBXBuildFile; fileRef = F682B13524825A9C00CE86B2 /* Util.swift */; };
		F682B13824825AA200CE86B2 /* TaskDescription.swift in Sources */ = {isa = PBXBuildFile; fileRef = F682B13724825AA200CE86B2 /* TaskDescription.swift */; };
		F682B13C24825AAE00CE86B2 /* NavigatioView.swift in Sources */ = {isa = PBXBuildFile; fileRef = F682B13924825AAE00CE86B2 /* NavigatioView.swift */; };
		F682B13D24825AAE00CE86B2 /* RootView.swift in Sources */ = {isa = PBXBuildFile; fileRef = F682B13A24825AAE00CE86B2 /* RootView.swift */; };
		F682B13E24825AAE00CE86B2 /* HomeView.swift in Sources */ = {isa = PBXBuildFile; fileRef = F682B13B24825AAE00CE86B2 /* HomeView.swift */; };
		F682B14124825AB900CE86B2 /* TestView.swift in Sources */ = {isa = PBXBuildFile; fileRef = F682B13F24825AB900CE86B2 /* TestView.swift */; };
		F682B14224825AB900CE86B2 /* TestViewModel.swift in Sources */ = {isa = PBXBuildFile; fileRef = F682B14024825AB900CE86B2 /* TestViewModel.swift */; };
/* End PBXBuildFile section */

/* Begin PBXFileReference section */
		F682B109248259DA00CE86B2 /* work_10.app */ = {isa = PBXFileReference; explicitFileType = wrapper.application; includeInIndex = 0; path = work_10.app; sourceTree = BUILT_PRODUCTS_DIR; };
		F682B10C248259DA00CE86B2 /* AppDelegate.swift */ = {isa = PBXFileReference; lastKnownFileType = sourcecode.swift; path = AppDelegate.swift; sourceTree = "<group>"; };
		F682B10E248259DA00CE86B2 /* SceneDelegate.swift */ = {isa = PBXFileReference; lastKnownFileType = sourcecode.swift; path = SceneDelegate.swift; sourceTree = "<group>"; };
		F682B112248259DB00CE86B2 /* Assets.xcassets */ = {isa = PBXFileReference; lastKnownFileType = folder.assetcatalog; path = Assets.xcassets; sourceTree = "<group>"; };
		F682B115248259DB00CE86B2 /* Preview Assets.xcassets */ = {isa = PBXFileReference; lastKnownFileType = folder.assetcatalog; path = "Preview Assets.xcassets"; sourceTree = "<group>"; };
		F682B118248259DB00CE86B2 /* Base */ = {isa = PBXFileReference; lastKnownFileType = file.storyboard; name = Base; path = Base.lproj/LaunchScreen.storyboard; sourceTree = "<group>"; };
		F682B11A248259DB00CE86B2 /* Info.plist */ = {isa = PBXFileReference; lastKnownFileType = text.plist.xml; path = Info.plist; sourceTree = "<group>"; };
		F682B12624825A5F00CE86B2 /* Notification.swift */ = {isa = PBXFileReference; fileEncoding = 4; lastKnownFileType = sourcecode.swift; path = Notification.swift; sourceTree = "<group>"; };
		F682B12824825A7200CE86B2 /* NewNavigationStack.swift */ = {isa = PBXFileReference; fileEncoding = 4; lastKnownFileType = sourcecode.swift; path = NewNavigationStack.swift; sourceTree = "<group>"; };
		F682B12A24825A7F00CE86B2 /* MyOperation.swift */ = {isa = PBXFileReference; fileEncoding = 4; lastKnownFileType = sourcecode.swift; path = MyOperation.swift; sourceTree = "<group>"; };
		F682B12B24825A7F00CE86B2 /* OperationManager.swift */ = {isa = PBXFileReference; fileEncoding = 4; lastKnownFileType = sourcecode.swift; path = OperationManager.swift; sourceTree = "<group>"; };
		F682B12C24825A7F00CE86B2 /* OperationSettings.swift */ = {isa = PBXFileReference; fileEncoding = 4; lastKnownFileType = sourcecode.swift; path = OperationSettings.swift; sourceTree = "<group>"; };
		F682B13124825A9300CE86B2 /* SecondOperation.swift */ = {isa = PBXFileReference; fileEncoding = 4; lastKnownFileType = sourcecode.swift; path = SecondOperation.swift; sourceTree = "<group>"; };
		F682B13224825A9400CE86B2 /* FirstOperation.swift */ = {isa = PBXFileReference; fileEncoding = 4; lastKnownFileType = sourcecode.swift; path = FirstOperation.swift; sourceTree = "<group>"; };
		F682B13524825A9C00CE86B2 /* Util.swift */ = {isa = PBXFileReference; fileEncoding = 4; lastKnownFileType = sourcecode.swift; path = Util.swift; sourceTree = "<group>"; };
		F682B13724825AA200CE86B2 /* TaskDescription.swift */ = {isa = PBXFileReference; fileEncoding = 4; lastKnownFileType = sourcecode.swift; path = TaskDescription.swift; sourceTree = "<group>"; };
		F682B13924825AAE00CE86B2 /* NavigatioView.swift */ = {isa = PBXFileReference; fileEncoding = 4; lastKnownFileType = sourcecode.swift; path = NavigatioView.swift; sourceTree = "<group>"; };
		F682B13A24825AAE00CE86B2 /* RootView.swift */ = {isa = PBXFileReference; fileEncoding = 4; lastKnownFileType = sourcecode.swift; path = RootView.swift; sourceTree = "<group>"; };
		F682B13B24825AAE00CE86B2 /* HomeView.swift */ = {isa = PBXFileReference; fileEncoding = 4; lastKnownFileType = sourcecode.swift; path = HomeView.swift; sourceTree = "<group>"; };
		F682B13F24825AB900CE86B2 /* TestView.swift */ = {isa = PBXFileReference; fileEncoding = 4; lastKnownFileType = sourcecode.swift; path = TestView.swift; sourceTree = "<group>"; };
		F682B14024825AB900CE86B2 /* TestViewModel.swift */ = {isa = PBXFileReference; fileEncoding = 4; lastKnownFileType = sourcecode.swift; path = TestViewModel.swift; sourceTree = "<group>"; };
/* End PBXFileReference section */

/* Begin PBXFrameworksBuildPhase section */
		F682B106248259DA00CE86B2 /* Frameworks */ = {
			isa = PBXFrameworksBuildPhase;
			buildActionMask = 2147483647;
			files = (
			);
			runOnlyForDeploymentPostprocessing = 0;
		};
/* End PBXFrameworksBuildPhase section */

/* Begin PBXGroup section */
		F682B100248259DA00CE86B2 = {
			isa = PBXGroup;
			children = (
				F682B10B248259DA00CE86B2 /* work_10 */,
				F682B10A248259DA00CE86B2 /* Products */,
			);
			sourceTree = "<group>";
		};
		F682B10A248259DA00CE86B2 /* Products */ = {
			isa = PBXGroup;
			children = (
				F682B109248259DA00CE86B2 /* work_10.app */,
			);
			name = Products;
			sourceTree = "<group>";
		};
		F682B10B248259DA00CE86B2 /* work_10 */ = {
			isa = PBXGroup;
			children = (
				F682B10C248259DA00CE86B2 /* AppDelegate.swift */,
				F682B10E248259DA00CE86B2 /* SceneDelegate.swift */,
				F682B12324825A1300CE86B2 /* Views */,
				F682B12224825A0900CE86B2 /* Objects */,
				F682B12124825A0100CE86B2 /* Helpers */,
				F682B120248259F000CE86B2 /* Extensions */,
				F682B112248259DB00CE86B2 /* Assets.xcassets */,
				F682B117248259DB00CE86B2 /* LaunchScreen.storyboard */,
				F682B11A248259DB00CE86B2 /* Info.plist */,
				F682B114248259DB00CE86B2 /* Preview Content */,
			);
			path = work_10;
			sourceTree = "<group>";
		};
		F682B114248259DB00CE86B2 /* Preview Content */ = {
			isa = PBXGroup;
			children = (
				F682B115248259DB00CE86B2 /* Preview Assets.xcassets */,
			);
			path = "Preview Content";
			sourceTree = "<group>";
		};
		F682B120248259F000CE86B2 /* Extensions */ = {
			isa = PBXGroup;
			children = (
				F682B12624825A5F00CE86B2 /* Notification.swift */,
			);
			path = Extensions;
			sourceTree = "<group>";
		};
		F682B12124825A0100CE86B2 /* Helpers */ = {
			isa = PBXGroup;
			children = (
				F682B12824825A7200CE86B2 /* NewNavigationStack.swift */,
				F682B12524825A2900CE86B2 /* OperationManager */,
			);
			path = Helpers;
			sourceTree = "<group>";
		};
		F682B12224825A0900CE86B2 /* Objects */ = {
			isa = PBXGroup;
			children = (
				F682B13724825AA200CE86B2 /* TaskDescription.swift */,
			);
			path = Objects;
			sourceTree = "<group>";
		};
		F682B12324825A1300CE86B2 /* Views */ = {
			isa = PBXGroup;
			children = (
				F682B13B24825AAE00CE86B2 /* HomeView.swift */,
				F682B13924825AAE00CE86B2 /* NavigatioView.swift */,
				F682B13A24825AAE00CE86B2 /* RootView.swift */,
				F682B12424825A1A00CE86B2 /* TestView */,
			);
			path = Views;
			sourceTree = "<group>";
		};
		F682B12424825A1A00CE86B2 /* TestView */ = {
			isa = PBXGroup;
			children = (
				F682B13F24825AB900CE86B2 /* TestView.swift */,
				F682B14024825AB900CE86B2 /* TestViewModel.swift */,
			);
			path = TestView;
			sourceTree = "<group>";
		};
		F682B12524825A2900CE86B2 /* OperationManager */ = {
			isa = PBXGroup;
			children = (
				F682B12A24825A7F00CE86B2 /* MyOperation.swift */,
				F682B13024825A8800CE86B2 /* Operations */,
				F682B12B24825A7F00CE86B2 /* OperationManager.swift */,
				F682B12C24825A7F00CE86B2 /* OperationSettings.swift */,
				F682B13524825A9C00CE86B2 /* Util.swift */,
			);
			path = OperationManager;
			sourceTree = "<group>";
		};
		F682B13024825A8800CE86B2 /* Operations */ = {
			isa = PBXGroup;
			children = (
				F682B13224825A9400CE86B2 /* FirstOperation.swift */,
				F682B13124825A9300CE86B2 /* SecondOperation.swift */,
			);
			path = Operations;
			sourceTree = "<group>";
		};
/* End PBXGroup section */

/* Begin PBXNativeTarget section */
		F682B108248259DA00CE86B2 /* work_10 */ = {
			isa = PBXNativeTarget;
			buildConfigurationList = F682B11D248259DB00CE86B2 /* Build configuration list for PBXNativeTarget "work_10" */;
			buildPhases = (
				F682B105248259DA00CE86B2 /* Sources */,
				F682B106248259DA00CE86B2 /* Frameworks */,
				F682B107248259DA00CE86B2 /* Resources */,
			);
			buildRules = (
			);
			dependencies = (
			);
			name = work_10;
			productName = work_10;
			productReference = F682B109248259DA00CE86B2 /* work_10.app */;
			productType = "com.apple.product-type.application";
		};
/* End PBXNativeTarget section */

/* Begin PBXProject section */
		F682B101248259DA00CE86B2 /* Project object */ = {
			isa = PBXProject;
			attributes = {
				LastSwiftUpdateCheck = 1150;
				LastUpgradeCheck = 1150;
				ORGANIZATIONNAME = "Stanislav Belsky";
				TargetAttributes = {
					F682B108248259DA00CE86B2 = {
						CreatedOnToolsVersion = 11.5;
					};
				};
			};
			buildConfigurationList = F682B104248259DA00CE86B2 /* Build configuration list for PBXProject "work_10" */;
			compatibilityVersion = "Xcode 9.3";
			developmentRegion = en;
			hasScannedForEncodings = 0;
			knownRegions = (
				en,
				Base,
			);
			mainGroup = F682B100248259DA00CE86B2;
			productRefGroup = F682B10A248259DA00CE86B2 /* Products */;
			projectDirPath = "";
			projectRoot = "";
			targets = (
				F682B108248259DA00CE86B2 /* work_10 */,
			);
		};
/* End PBXProject section */

/* Begin PBXResourcesBuildPhase section */
		F682B107248259DA00CE86B2 /* Resources */ = {
			isa = PBXResourcesBuildPhase;
			buildActionMask = 2147483647;
			files = (
				F682B119248259DB00CE86B2 /* LaunchScreen.storyboard in Resources */,
				F682B116248259DB00CE86B2 /* Preview Assets.xcassets in Resources */,
				F682B113248259DB00CE86B2 /* Assets.xcassets in Resources */,
			);
			runOnlyForDeploymentPostprocessing = 0;
		};
/* End PBXResourcesBuildPhase section */

/* Begin PBXSourcesBuildPhase section */
		F682B105248259DA00CE86B2 /* Sources */ = {
			isa = PBXSourcesBuildPhase;
			buildActionMask = 2147483647;
			files = (
				F682B13424825A9400CE86B2 /* FirstOperation.swift in Sources */,
				F682B13E24825AAE00CE86B2 /* HomeView.swift in Sources */,
				F682B12F24825A7F00CE86B2 /* OperationSettings.swift in Sources */,
				F682B10D248259DA00CE86B2 /* AppDelegate.swift in Sources */,
				F682B10F248259DA00CE86B2 /* SceneDelegate.swift in Sources */,
				F682B12D24825A7F00CE86B2 /* MyOperation.swift in Sources */,
				F682B14124825AB900CE86B2 /* TestView.swift in Sources */,
				F682B12724825A5F00CE86B2 /* Notification.swift in Sources */,
				F682B13324825A9400CE86B2 /* SecondOperation.swift in Sources */,
				F682B13C24825AAE00CE86B2 /* NavigatioView.swift in Sources */,
				F682B14224825AB900CE86B2 /* TestViewModel.swift in Sources */,
				F682B13824825AA200CE86B2 /* TaskDescription.swift in Sources */,
				F682B13D24825AAE00CE86B2 /* RootView.swift in Sources */,
				F682B13624825A9D00CE86B2 /* Util.swift in Sources */,
				F682B12924825A7200CE86B2 /* NewNavigationStack.swift in Sources */,
				F682B12E24825A7F00CE86B2 /* OperationManager.swift in Sources */,
			);
			runOnlyForDeploymentPostprocessing = 0;
		};
/* End PBXSourcesBuildPhase section */

/* Begin PBXVariantGroup section */
		F682B117248259DB00CE86B2 /* LaunchScreen.storyboard */ = {
			isa = PBXVariantGroup;
			children = (
				F682B118248259DB00CE86B2 /* Base */,
			);
			name = LaunchScreen.storyboard;
			sourceTree = "<group>";
		};
/* End PBXVariantGroup section */

/* Begin XCBuildConfiguration section */
		F682B11B248259DB00CE86B2 /* Debug */ = {
			isa = XCBuildConfiguration;
			buildSettings = {
				ALWAYS_SEARCH_USER_PATHS = NO;
				CLANG_ANALYZER_NONNULL = YES;
				CLANG_ANALYZER_NUMBER_OBJECT_CONVERSION = YES_AGGRESSIVE;
				CLANG_CXX_LANGUAGE_STANDARD = "gnu++14";
				CLANG_CXX_LIBRARY = "libc++";
				CLANG_ENABLE_MODULES = YES;
				CLANG_ENABLE_OBJC_ARC = YES;
				CLANG_ENABLE_OBJC_WEAK = YES;
				CLANG_WARN_BLOCK_CAPTURE_AUTORELEASING = YES;
				CLANG_WARN_BOOL_CONVERSION = YES;
				CLANG_WARN_COMMA = YES;
				CLANG_WARN_CONSTANT_CONVERSION = YES;
				CLANG_WARN_DEPRECATED_OBJC_IMPLEMENTATIONS = YES;
				CLANG_WARN_DIRECT_OBJC_ISA_USAGE = YES_ERROR;
				CLANG_WARN_DOCUMENTATION_COMMENTS = YES;
				CLANG_WARN_EMPTY_BODY = YES;
				CLANG_WARN_ENUM_CONVERSION = YES;
				CLANG_WARN_INFINITE_RECURSION = YES;
				CLANG_WARN_INT_CONVERSION = YES;
				CLANG_WARN_NON_LITERAL_NULL_CONVERSION = YES;
				CLANG_WARN_OBJC_IMPLICIT_RETAIN_SELF = YES;
				CLANG_WARN_OBJC_LITERAL_CONVERSION = YES;
				CLANG_WARN_OBJC_ROOT_CLASS = YES_ERROR;
				CLANG_WARN_RANGE_LOOP_ANALYSIS = YES;
				CLANG_WARN_STRICT_PROTOTYPES = YES;
				CLANG_WARN_SUSPICIOUS_MOVE = YES;
				CLANG_WARN_UNGUARDED_AVAILABILITY = YES_AGGRESSIVE;
				CLANG_WARN_UNREACHABLE_CODE = YES;
				CLANG_WARN__DUPLICATE_METHOD_MATCH = YES;
				COPY_PHASE_STRIP = NO;
				DEBUG_INFORMATION_FORMAT = dwarf;
				ENABLE_STRICT_OBJC_MSGSEND = YES;
				ENABLE_TESTABILITY = YES;
				GCC_C_LANGUAGE_STANDARD = gnu11;
				GCC_DYNAMIC_NO_PIC = NO;
				GCC_NO_COMMON_BLOCKS = YES;
				GCC_OPTIMIZATION_LEVEL = 0;
				GCC_PREPROCESSOR_DEFINITIONS = (
					"DEBUG=1",
					"$(inherited)",
				);
				GCC_WARN_64_TO_32_BIT_CONVERSION = YES;
				GCC_WARN_ABOUT_RETURN_TYPE = YES_ERROR;
				GCC_WARN_UNDECLARED_SELECTOR = YES;
				GCC_WARN_UNINITIALIZED_AUTOS = YES_AGGRESSIVE;
				GCC_WARN_UNUSED_FUNCTION = YES;
				GCC_WARN_UNUSED_VARIABLE = YES;
				IPHONEOS_DEPLOYMENT_TARGET = 13.5;
				MTL_ENABLE_DEBUG_INFO = INCLUDE_SOURCE;
				MTL_FAST_MATH = YES;
				ONLY_ACTIVE_ARCH = YES;
				SDKROOT = iphoneos;
				SWIFT_ACTIVE_COMPILATION_CONDITIONS = DEBUG;
				SWIFT_OPTIMIZATION_LEVEL = "-Onone";
			};
			name = Debug;
		};
		F682B11C248259DB00CE86B2 /* Release */ = {
			isa = XCBuildConfiguration;
			buildSettings = {
				ALWAYS_SEARCH_USER_PATHS = NO;
				CLANG_ANALYZER_NONNULL = YES;
				CLANG_ANALYZER_NUMBER_OBJECT_CONVERSION = YES_AGGRESSIVE;
				CLANG_CXX_LANGUAGE_STANDARD = "gnu++14";
				CLANG_CXX_LIBRARY = "libc++";
				CLANG_ENABLE_MODULES = YES;
				CLANG_ENABLE_OBJC_ARC = YES;
				CLANG_ENABLE_OBJC_WEAK = YES;
				CLANG_WARN_BLOCK_CAPTURE_AUTORELEASING = YES;
				CLANG_WARN_BOOL_CONVERSION = YES;
				CLANG_WARN_COMMA = YES;
				CLANG_WARN_CONSTANT_CONVERSION = YES;
				CLANG_WARN_DEPRECATED_OBJC_IMPLEMENTATIONS = YES;
				CLANG_WARN_DIRECT_OBJC_ISA_USAGE = YES_ERROR;
				CLANG_WARN_DOCUMENTATION_COMMENTS = YES;
				CLANG_WARN_EMPTY_BODY = YES;
				CLANG_WARN_ENUM_CONVERSION = YES;
				CLANG_WARN_INFINITE_RECURSION = YES;
				CLANG_WARN_INT_CONVERSION = YES;
				CLANG_WARN_NON_LITERAL_NULL_CONVERSION = YES;
				CLANG_WARN_OBJC_IMPLICIT_RETAIN_SELF = YES;
				CLANG_WARN_OBJC_LITERAL_CONVERSION = YES;
				CLANG_WARN_OBJC_ROOT_CLASS = YES_ERROR;
				CLANG_WARN_RANGE_LOOP_ANALYSIS = YES;
				CLANG_WARN_STRICT_PROTOTYPES = YES;
				CLANG_WARN_SUSPICIOUS_MOVE = YES;
				CLANG_WARN_UNGUARDED_AVAILABILITY = YES_AGGRESSIVE;
				CLANG_WARN_UNREACHABLE_CODE = YES;
				CLANG_WARN__DUPLICATE_METHOD_MATCH = YES;
				COPY_PHASE_STRIP = NO;
				DEBUG_INFORMATION_FORMAT = "dwarf-with-dsym";
				ENABLE_NS_ASSERTIONS = NO;
				ENABLE_STRICT_OBJC_MSGSEND = YES;
				GCC_C_LANGUAGE_STANDARD = gnu11;
				GCC_NO_COMMON_BLOCKS = YES;
				GCC_WARN_64_TO_32_BIT_CONVERSION = YES;
				GCC_WARN_ABOUT_RETURN_TYPE = YES_ERROR;
				GCC_WARN_UNDECLARED_SELECTOR = YES;
				GCC_WARN_UNINITIALIZED_AUTOS = YES_AGGRESSIVE;
				GCC_WARN_UNUSED_FUNCTION = YES;
				GCC_WARN_UNUSED_VARIABLE = YES;
				IPHONEOS_DEPLOYMENT_TARGET = 13.5;
				MTL_ENABLE_DEBUG_INFO = NO;
				MTL_FAST_MATH = YES;
				SDKROOT = iphoneos;
				SWIFT_COMPILATION_MODE = wholemodule;
				SWIFT_OPTIMIZATION_LEVEL = "-O";
				VALIDATE_PRODUCT = YES;
			};
			name = Release;
		};
		F682B11E248259DB00CE86B2 /* Debug */ = {
			isa = XCBuildConfiguration;
			buildSettings = {
				ASSETCATALOG_COMPILER_APPICON_NAME = AppIcon;
				CODE_SIGN_STYLE = Automatic;
				DEVELOPMENT_ASSET_PATHS = "\"work_10/Preview Content\"";
				DEVELOPMENT_TEAM = K7N26A7XC9;
				ENABLE_PREVIEWS = YES;
				INFOPLIST_FILE = work_10/Info.plist;
				LD_RUNPATH_SEARCH_PATHS = (
					"$(inherited)",
					"@executable_path/Frameworks",
				);
				PRODUCT_BUNDLE_IDENTIFIER = "com.overinet.work-10";
				PRODUCT_NAME = "$(TARGET_NAME)";
				SWIFT_VERSION = 5.0;
				TARGETED_DEVICE_FAMILY = "1,2";
			};
			name = Debug;
		};
		F682B11F248259DB00CE86B2 /* Release */ = {
			isa = XCBuildConfiguration;
			buildSettings = {
				ASSETCATALOG_COMPILER_APPICON_NAME = AppIcon;
				CODE_SIGN_STYLE = Automatic;
				DEVELOPMENT_ASSET_PATHS = "\"work_10/Preview Content\"";
				DEVELOPMENT_TEAM = K7N26A7XC9;
				ENABLE_PREVIEWS = YES;
				INFOPLIST_FILE = work_10/Info.plist;
				LD_RUNPATH_SEARCH_PATHS = (
					"$(inherited)",
					"@executable_path/Frameworks",
				);
				PRODUCT_BUNDLE_IDENTIFIER = "com.overinet.work-10";
				PRODUCT_NAME = "$(TARGET_NAME)";
				SWIFT_VERSION = 5.0;
				TARGETED_DEVICE_FAMILY = "1,2";
			};
			name = Release;
		};
/* End XCBuildConfiguration section */

/* Begin XCConfigurationList section */
		F682B104248259DA00CE86B2 /* Build configuration list for PBXProject "work_10" */ = {
			isa = XCConfigurationList;
			buildConfigurations = (
				F682B11B248259DB00CE86B2 /* Debug */,
				F682B11C248259DB00CE86B2 /* Release */,
			);
			defaultConfigurationIsVisible = 0;
			defaultConfigurationName = Release;
		};
		F682B11D248259DB00CE86B2 /* Build configuration list for PBXNativeTarget "work_10" */ = {
			isa = XCConfigurationList;
			buildConfigurations = (
				F682B11E248259DB00CE86B2 /* Debug */,
				F682B11F248259DB00CE86B2 /* Release */,
			);
			defaultConfigurationIsVisible = 0;
			defaultConfigurationName = Release;
		};
/* End XCConfigurationList section */
	};
	rootObject = F682B101248259DA00CE86B2 /* Project object */;
}
